
Microsoft Visual Studio Solution File, Format Version 12.00
# Visual Studio Version 16
VisualStudioVersion = 16.0.31205.134
MinimumVisualStudioVersion = 10.0.40219.1
Project("{FAE04EC0-301F-11D3-BF4B-00C04F79EFBC}") = "AzarKandidaV2", "AzarKandidaV2\AzarKandidaV2.csproj", "{9F4E739E-EDB0-4251-932C-44147440238E}"
EndProject
Project("{FAE04EC0-301F-11D3-BF4B-00C04F79EFBC}") = "DataLayer", "DataLayer\DataLayer.csproj", "{AE11B02E-8931-4773-925D-71503026DD95}"
EndProject
Project("{FAE04EC0-301F-11D3-BF4B-00C04F79EFBC}") = "Services", "Services\Services.csproj", "{24F9E8E4-BA03-457A-B4A5-ED8B77866A3A}"
EndProject
Global
	GlobalSection(SolutionConfigurationPlatforms) = preSolution
		Debug|Any CPU = Debug|Any CPU
		Release|Any CPU = Release|Any CPU
	EndGlobalSection
	GlobalSection(ProjectConfigurationPlatforms) = postSolution
		{9F4E739E-EDB0-4251-932C-44147440238E}.Debug|Any CPU.ActiveCfg = Debug|Any CPU
		{9F4E739E-EDB0-4251-932C-44147440238E}.Debug|Any CPU.Build.0 = Debug|Any CPU
		{9F4E739E-EDB0-4251-932C-44147440238E}.Release|Any CPU.ActiveCfg = Release|Any CPU
		{9F4E739E-EDB0-4251-932C-44147440238E}.Release|Any CPU.Build.0 = Release|Any CPU
		{AE11B02E-8931-4773-925D-71503026DD95}.Debug|Any CPU.ActiveCfg = Debug|Any CPU
		{AE11B02E-8931-4773-925D-71503026DD95}.Debug|Any CPU.Build.0 = Debug|Any CPU
		{AE11B02E-8931-4773-925D-71503026DD95}.Release|Any CPU.ActiveCfg = Release|Any CPU
		{AE11B02E-8931-4773-925D-71503026DD95}.Release|Any CPU.Build.0 = Release|Any CPU
		{24F9E8E4-BA03-457A-B4A5-ED8B77866A3A}.Debug|Any CPU.ActiveCfg = Debug|Any CPU
		{24F9E8E4-BA03-457A-B4A5-ED8B77866A3A}.Debug|Any CPU.Build.0 = Debug|Any CPU
		{24F9E8E4-BA03-457A-B4A5-ED8B77866A3A}.Release|Any CPU.ActiveCfg = Release|Any CPU
		{24F9E8E4-BA03-457A-B4A5-ED8B77866A3A}.Release|Any CPU.Build.0 = Release|Any CPU
	EndGlobalSection
	GlobalSection(SolutionProperties) = preSolution
		HideSolutionNode = FALSE
	EndGlobalSection
	GlobalSection(ExtensibilityGlobals) = postSolution
		SolutionGuid = {5EA3BEC9-A025-4E84-AFD3-6B713AFF3A4C}
	EndGlobalSection
EndGlobal
